
Microsoft Visual Studio Solution File, Format Version 12.00
# Visual Studio 15
VisualStudioVersion = 15.0.27703.2000
MinimumVisualStudioVersion = 10.0.40219.1
Project("{FAE04EC0-301F-11D3-BF4B-00C04F79EFBC}") = "Web Api .Net Core", "Web Api .Net Core\Web Api .Net Core.csproj", "{0B444E2C-EE27-44E5-A68B-A9CF5B85E427}"
EndProject
Global
	GlobalSection(SolutionConfigurationPlatforms) = preSolution
		Debug|Any CPU = Debug|Any CPU
		Release|Any CPU = Release|Any CPU
	EndGlobalSection
	GlobalSection(ProjectConfigurationPlatforms) = postSolution
		{0B444E2C-EE27-44E5-A68B-A9CF5B85E427}.Debug|Any CPU.ActiveCfg = Debug|Any CPU
		{0B444E2C-EE27-44E5-A68B-A9CF5B85E427}.Debug|Any CPU.Build.0 = Debug|Any CPU
		{0B444E2C-EE27-44E5-A68B-A9CF5B85E427}.Release|Any CPU.ActiveCfg = Release|Any CPU
		{0B444E2C-EE27-44E5-A68B-A9CF5B85E427}.Release|Any CPU.Build.0 = Release|Any CPU
	EndGlobalSection
	GlobalSection(SolutionProperties) = preSolution
		HideSolutionNode = FALSE
	EndGlobalSection
	GlobalSection(ExtensibilityGlobals) = postSolution
		SolutionGuid = {A3608740-C602-46A6-8D91-2E2DC425B26E}
	EndGlobalSection
EndGlobal
